
Microsoft Visual Studio Solution File, Format Version 12.00
# Visual Studio 15
VisualStudioVersion = 15.0.28307.168
MinimumVisualStudioVersion = 10.0.40219.1
Project("{9A19103F-16F7-4668-BE54-9A1E7A4F7556}") = "UnitRepository.Core", "UnitRepository.Core\UnitRepository.Core.csproj", "{3EB8D6D5-7146-4F9F-B75B-E30889DCD901}"
EndProject
Project("{9A19103F-16F7-4668-BE54-9A1E7A4F7556}") = "UnitRepository.Domain", "UnitRepository.Domain\UnitRepository.Domain.csproj", "{C9E872C3-B42C-4691-A83F-A08E3608512D}"
EndProject
Project("{9A19103F-16F7-4668-BE54-9A1E7A4F7556}") = "UnitRepository.Model", "UnitRepository.Model\UnitRepository.Model.csproj", "{D109B60E-1D5B-47C3-A8A0-9F06869A7ECC}"
EndProject
Project("{FAE04EC0-301F-11D3-BF4B-00C04F79EFBC}") = "UnitRepository.Api", "UnitRepository.Api\UnitRepository.Api.csproj", "{42AFFD77-6793-41E5-AE73-5EAF35C8C029}"
EndProject
Global
	GlobalSection(SolutionConfigurationPlatforms) = preSolution
		Debug|Any CPU = Debug|Any CPU
		Release|Any CPU = Release|Any CPU
	EndGlobalSection
	GlobalSection(ProjectConfigurationPlatforms) = postSolution
		{3EB8D6D5-7146-4F9F-B75B-E30889DCD901}.Debug|Any CPU.ActiveCfg = Debug|Any CPU
		{3EB8D6D5-7146-4F9F-B75B-E30889DCD901}.Debug|Any CPU.Build.0 = Debug|Any CPU
		{3EB8D6D5-7146-4F9F-B75B-E30889DCD901}.Release|Any CPU.ActiveCfg = Release|Any CPU
		{3EB8D6D5-7146-4F9F-B75B-E30889DCD901}.Release|Any CPU.Build.0 = Release|Any CPU
		{C9E872C3-B42C-4691-A83F-A08E3608512D}.Debug|Any CPU.ActiveCfg = Debug|Any CPU
		{C9E872C3-B42C-4691-A83F-A08E3608512D}.Debug|Any CPU.Build.0 = Debug|Any CPU
		{C9E872C3-B42C-4691-A83F-A08E3608512D}.Release|Any CPU.ActiveCfg = Release|Any CPU
		{C9E872C3-B42C-4691-A83F-A08E3608512D}.Release|Any CPU.Build.0 = Release|Any CPU
		{D109B60E-1D5B-47C3-A8A0-9F06869A7ECC}.Debug|Any CPU.ActiveCfg = Debug|Any CPU
		{D109B60E-1D5B-47C3-A8A0-9F06869A7ECC}.Debug|Any CPU.Build.0 = Debug|Any CPU
		{D109B60E-1D5B-47C3-A8A0-9F06869A7ECC}.Release|Any CPU.ActiveCfg = Release|Any CPU
		{D109B60E-1D5B-47C3-A8A0-9F06869A7ECC}.Release|Any CPU.Build.0 = Release|Any CPU
		{42AFFD77-6793-41E5-AE73-5EAF35C8C029}.Debug|Any CPU.ActiveCfg = Debug|Any CPU
		{42AFFD77-6793-41E5-AE73-5EAF35C8C029}.Debug|Any CPU.Build.0 = Debug|Any CPU
		{42AFFD77-6793-41E5-AE73-5EAF35C8C029}.Release|Any CPU.ActiveCfg = Release|Any CPU
		{42AFFD77-6793-41E5-AE73-5EAF35C8C029}.Release|Any CPU.Build.0 = Release|Any CPU
	EndGlobalSection
	GlobalSection(SolutionProperties) = preSolution
		HideSolutionNode = FALSE
	EndGlobalSection
	GlobalSection(ExtensibilityGlobals) = postSolution
		SolutionGuid = {4BAB5FCF-ED92-4EF6-B80F-1E35661D512F}
	EndGlobalSection
EndGlobal
